// !$*UTF8*$!
{
	archiveVersion = 1;
	classes = {
	};
	objectVersion = 50;
	objects = {

/* Begin PBXBuildFile section */
		81CF6EFB240DC9CA00FFD540 /* WoodCutter.swift in Sources */ = {isa = PBXBuildFile; fileRef = 81CF6EFA240DC9CA00FFD540 /* WoodCutter.swift */; };
		81EBCC6B2401E88A0063F78F /* AppDelegate.swift in Sources */ = {isa = PBXBuildFile; fileRef = 81EBCC6A2401E88A0063F78F /* AppDelegate.swift */; };
		81EBCC712401E88A0063F78F /* GameScene.swift in Sources */ = {isa = PBXBuildFile; fileRef = 81EBCC702401E88A0063F78F /* GameScene.swift */; };
		81EBCC732401E88A0063F78F /* GameViewController.swift in Sources */ = {isa = PBXBuildFile; fileRef = 81EBCC722401E88A0063F78F /* GameViewController.swift */; };
		81EBCC762401E88A0063F78F /* Main.storyboard in Resources */ = {isa = PBXBuildFile; fileRef = 81EBCC742401E88A0063F78F /* Main.storyboard */; };
		81EBCC782401E88B0063F78F /* Assets.xcassets in Resources */ = {isa = PBXBuildFile; fileRef = 81EBCC772401E88B0063F78F /* Assets.xcassets */; };
		81EBCC7B2401E88B0063F78F /* LaunchScreen.storyboard in Resources */ = {isa = PBXBuildFile; fileRef = 81EBCC792401E88B0063F78F /* LaunchScreen.storyboard */; };
		81EBCC862401E88B0063F78F /* MyFirstGameTests.swift in Sources */ = {isa = PBXBuildFile; fileRef = 81EBCC852401E88B0063F78F /* MyFirstGameTests.swift */; };
		81EBCC912401E88B0063F78F /* MyFirstGameUITests.swift in Sources */ = {isa = PBXBuildFile; fileRef = 81EBCC902401E88B0063F78F /* MyFirstGameUITests.swift */; };
/* End PBXBuildFile section */

/* Begin PBXContainerItemProxy section */
		81EBCC822401E88B0063F78F /* PBXContainerItemProxy */ = {
			isa = PBXContainerItemProxy;
			containerPortal = 81EBCC5F2401E88A0063F78F /* Project object */;
			proxyType = 1;
			remoteGlobalIDString = 81EBCC662401E88A0063F78F;
			remoteInfo = MyFirstGame;
		};
		81EBCC8D2401E88B0063F78F /* PBXContainerItemProxy */ = {
			isa = PBXContainerItemProxy;
			containerPortal = 81EBCC5F2401E88A0063F78F /* Project object */;
			proxyType = 1;
			remoteGlobalIDString = 81EBCC662401E88A0063F78F;
			remoteInfo = MyFirstGame;
		};
/* End PBXContainerItemProxy section */

/* Begin PBXFileReference section */
		81CF6EFA240DC9CA00FFD540 /* WoodCutter.swift */ = {isa = PBXFileReference; lastKnownFileType = sourcecode.swift; path = WoodCutter.swift; sourceTree = "<group>"; };
		81EBCC672401E88A0063F78F /* MyFirstGame.app */ = {isa = PBXFileReference; explicitFileType = wrapper.application; includeInIndex = 0; path = MyFirstGame.app; sourceTree = BUILT_PRODUCTS_DIR; };
		81EBCC6A2401E88A0063F78F /* AppDelegate.swift */ = {isa = PBXFileReference; lastKnownFileType = sourcecode.swift; path = AppDelegate.swift; sourceTree = "<group>"; };
		81EBCC702401E88A0063F78F /* GameScene.swift */ = {isa = PBXFileReference; lastKnownFileType = sourcecode.swift; path = GameScene.swift; sourceTree = "<group>"; };
		81EBCC722401E88A0063F78F /* GameViewController.swift */ = {isa = PBXFileReference; lastKnownFileType = sourcecode.swift; path = GameViewController.swift; sourceTree = "<group>"; };
		81EBCC752401E88A0063F78F /* Base */ = {isa = PBXFileReference; lastKnownFileType = file.storyboard; name = Base; path = Base.lproj/Main.storyboard; sourceTree = "<group>"; };
		81EBCC772401E88B0063F78F /* Assets.xcassets */ = {isa = PBXFileReference; lastKnownFileType = folder.assetcatalog; path = Assets.xcassets; sourceTree = "<group>"; };
		81EBCC7A2401E88B0063F78F /* Base */ = {isa = PBXFileReference; lastKnownFileType = file.storyboard; name = Base; path = Base.lproj/LaunchScreen.storyboard; sourceTree = "<group>"; };
		81EBCC7C2401E88B0063F78F /* Info.plist */ = {isa = PBXFileReference; lastKnownFileType = text.plist.xml; path = Info.plist; sourceTree = "<group>"; };
		81EBCC812401E88B0063F78F /* MyFirstGameTests.xctest */ = {isa = PBXFileReference; explicitFileType = wrapper.cfbundle; includeInIndex = 0; path = MyFirstGameTests.xctest; sourceTree = BUILT_PRODUCTS_DIR; };
		81EBCC852401E88B0063F78F /* MyFirstGameTests.swift */ = {isa = PBXFileReference; lastKnownFileType = sourcecode.swift; path = MyFirstGameTests.swift; sourceTree = "<group>"; };
		81EBCC872401E88B0063F78F /* Info.plist */ = {isa = PBXFileReference; lastKnownFileType = text.plist.xml; path = Info.plist; sourceTree = "<group>"; };
		81EBCC8C2401E88B0063F78F /* MyFirstGameUITests.xctest */ = {isa = PBXFileReference; explicitFileType = wrapper.cfbundle; includeInIndex = 0; path = MyFirstGameUITests.xctest; sourceTree = BUILT_PRODUCTS_DIR; };
		81EBCC902401E88B0063F78F /* MyFirstGameUITests.swift */ = {isa = PBXFileReference; lastKnownFileType = sourcecode.swift; path = MyFirstGameUITests.swift; sourceTree = "<group>"; };
		81EBCC922401E88B0063F78F /* Info.plist */ = {isa = PBXFileReference; lastKnownFileType = text.plist.xml; path = Info.plist; sourceTree = "<group>"; };
/* End PBXFileReference section */

/* Begin PBXFrameworksBuildPhase section */
		81EBCC642401E88A0063F78F /* Frameworks */ = {
			isa = PBXFrameworksBuildPhase;
			buildActionMask = 2147483647;
			files = (
			);
			runOnlyForDeploymentPostprocessing = 0;
		};
		81EBCC7E2401E88B0063F78F /* Frameworks */ = {
			isa = PBXFrameworksBuildPhase;
			buildActionMask = 2147483647;
			files = (
			);
			runOnlyForDeploymentPostprocessing = 0;
		};
		81EBCC892401E88B0063F78F /* Frameworks */ = {
			isa = PBXFrameworksBuildPhase;
			buildActionMask = 2147483647;
			files = (
			);
			runOnlyForDeploymentPostprocessing = 0;
		};
/* End PBXFrameworksBuildPhase section */

/* Begin PBXGroup section */
		81CF6EF7240DC92B00FFD540 /* Classes */ = {
			isa = PBXGroup;
			children = (
				81CF6EFA240DC9CA00FFD540 /* WoodCutter.swift */,
			);
			path = Classes;
			sourceTree = "<group>";
		};
		81EBCC5E2401E88A0063F78F = {
			isa = PBXGroup;
			children = (
				81EBCC692401E88A0063F78F /* MyFirstGame */,
				81EBCC842401E88B0063F78F /* MyFirstGameTests */,
				81EBCC8F2401E88B0063F78F /* MyFirstGameUITests */,
				81EBCC682401E88A0063F78F /* Products */,
			);
			sourceTree = "<group>";
		};
		81EBCC682401E88A0063F78F /* Products */ = {
			isa = PBXGroup;
			children = (
				81EBCC672401E88A0063F78F /* MyFirstGame.app */,
				81EBCC812401E88B0063F78F /* MyFirstGameTests.xctest */,
				81EBCC8C2401E88B0063F78F /* MyFirstGameUITests.xctest */,
			);
			name = Products;
			sourceTree = "<group>";
		};
		81EBCC692401E88A0063F78F /* MyFirstGame */ = {
			isa = PBXGroup;
			children = (
				81CF6EF7240DC92B00FFD540 /* Classes */,
				81EBCC6A2401E88A0063F78F /* AppDelegate.swift */,
				81EBCC702401E88A0063F78F /* GameScene.swift */,
				81EBCC722401E88A0063F78F /* GameViewController.swift */,
				81EBCC742401E88A0063F78F /* Main.storyboard */,
				81EBCC772401E88B0063F78F /* Assets.xcassets */,
				81EBCC792401E88B0063F78F /* LaunchScreen.storyboard */,
				81EBCC7C2401E88B0063F78F /* Info.plist */,
			);
			path = MyFirstGame;
			sourceTree = "<group>";
		};
		81EBCC842401E88B0063F78F /* MyFirstGameTests */ = {
			isa = PBXGroup;
			children = (
				81EBCC852401E88B0063F78F /* MyFirstGameTests.swift */,
				81EBCC872401E88B0063F78F /* Info.plist */,
			);
			path = MyFirstGameTests;
			sourceTree = "<group>";
		};
		81EBCC8F2401E88B0063F78F /* MyFirstGameUITests */ = {
			isa = PBXGroup;
			children = (
				81EBCC902401E88B0063F78F /* MyFirstGameUITests.swift */,
				81EBCC922401E88B0063F78F /* Info.plist */,
			);
			path = MyFirstGameUITests;
			sourceTree = "<group>";
		};
/* End PBXGroup section */

/* Begin PBXNativeTarget section */
		81EBCC662401E88A0063F78F /* MyFirstGame */ = {
			isa = PBXNativeTarget;
			buildConfigurationList = 81EBCC952401E88B0063F78F /* Build configuration list for PBXNativeTarget "MyFirstGame" */;
			buildPhases = (
				81EBCC632401E88A0063F78F /* Sources */,
				81EBCC642401E88A0063F78F /* Frameworks */,
				81EBCC652401E88A0063F78F /* Resources */,
			);
			buildRules = (
			);
			dependencies = (
			);
			name = MyFirstGame;
			productName = MyFirstGame;
			productReference = 81EBCC672401E88A0063F78F /* MyFirstGame.app */;
			productType = "com.apple.product-type.application";
		};
		81EBCC802401E88B0063F78F /* MyFirstGameTests */ = {
			isa = PBXNativeTarget;
			buildConfigurationList = 81EBCC982401E88B0063F78F /* Build configuration list for PBXNativeTarget "MyFirstGameTests" */;
			buildPhases = (
				81EBCC7D2401E88B0063F78F /* Sources */,
				81EBCC7E2401E88B0063F78F /* Frameworks */,
				81EBCC7F2401E88B0063F78F /* Resources */,
			);
			buildRules = (
			);
			dependencies = (
				81EBCC832401E88B0063F78F /* PBXTargetDependency */,
			);
			name = MyFirstGameTests;
			productName = MyFirstGameTests;
			productReference = 81EBCC812401E88B0063F78F /* MyFirstGameTests.xctest */;
			productType = "com.apple.product-type.bundle.unit-test";
		};
		81EBCC8B2401E88B0063F78F /* MyFirstGameUITests */ = {
			isa = PBXNativeTarget;
			buildConfigurationList = 81EBCC9B2401E88B0063F78F /* Build configuration list for PBXNativeTarget "MyFirstGameUITests" */;
			buildPhases = (
				81EBCC882401E88B0063F78F /* Sources */,
				81EBCC892401E88B0063F78F /* Frameworks */,
				81EBCC8A2401E88B0063F78F /* Resources */,
			);
			buildRules = (
			);
			dependencies = (
				81EBCC8E2401E88B0063F78F /* PBXTargetDependency */,
			);
			name = MyFirstGameUITests;
			productName = MyFirstGameUITests;
			productReference = 81EBCC8C2401E88B0063F78F /* MyFirstGameUITests.xctest */;
			productType = "com.apple.product-type.bundle.ui-testing";
		};
/* End PBXNativeTarget section */

/* Begin PBXProject section */
		81EBCC5F2401E88A0063F78F /* Project object */ = {
			isa = PBXProject;
			attributes = {
				LastSwiftUpdateCheck = 1130;
				LastUpgradeCheck = 1130;
				ORGANIZATIONNAME = "Vinicius Mesquita";
				TargetAttributes = {
					81EBCC662401E88A0063F78F = {
						CreatedOnToolsVersion = 11.3.1;
					};
					81EBCC802401E88B0063F78F = {
						CreatedOnToolsVersion = 11.3.1;
						TestTargetID = 81EBCC662401E88A0063F78F;
					};
					81EBCC8B2401E88B0063F78F = {
						CreatedOnToolsVersion = 11.3.1;
						TestTargetID = 81EBCC662401E88A0063F78F;
					};
				};
			};
			buildConfigurationList = 81EBCC622401E88A0063F78F /* Build configuration list for PBXProject "MyFirstGame" */;
			compatibilityVersion = "Xcode 9.3";
			developmentRegion = en;
			hasScannedForEncodings = 0;
			knownRegions = (
				en,
				Base,
			);
			mainGroup = 81EBCC5E2401E88A0063F78F;
			productRefGroup = 81EBCC682401E88A0063F78F /* Products */;
			projectDirPath = "";
			projectRoot = "";
			targets = (
				81EBCC662401E88A0063F78F /* MyFirstGame */,
				81EBCC802401E88B0063F78F /* MyFirstGameTests */,
				81EBCC8B2401E88B0063F78F /* MyFirstGameUITests */,
			);
		};
/* End PBXProject section */

/* Begin PBXResourcesBuildPhase section */
		81EBCC652401E88A0063F78F /* Resources */ = {
			isa = PBXResourcesBuildPhase;
			buildActionMask = 2147483647;
			files = (
				81EBCC762401E88A0063F78F /* Main.storyboard in Resources */,
				81EBCC782401E88B0063F78F /* Assets.xcassets in Resources */,
				81EBCC7B2401E88B0063F78F /* LaunchScreen.storyboard in Resources */,
			);
			runOnlyForDeploymentPostprocessing = 0;
		};
		81EBCC7F2401E88B0063F78F /* Resources */ = {
			isa = PBXResourcesBuildPhase;
			buildActionMask = 2147483647;
			files = (
			);
			runOnlyForDeploymentPostprocessing = 0;
		};
		81EBCC8A2401E88B0063F78F /* Resources */ = {
			isa = PBXResourcesBuildPhase;
			buildActionMask = 2147483647;
			files = (
			);
			runOnlyForDeploymentPostprocessing = 0;
		};
/* End PBXResourcesBuildPhase section */

/* Begin PBXSourcesBuildPhase section */
		81EBCC632401E88A0063F78F /* Sources */ = {
			isa = PBXSourcesBuildPhase;
			buildActionMask = 2147483647;
			files = (
				81EBCC712401E88A0063F78F /* GameScene.swift in Sources */,
				81EBCC732401E88A0063F78F /* GameViewController.swift in Sources */,
				81EBCC6B2401E88A0063F78F /* AppDelegate.swift in Sources */,
				81CF6EFB240DC9CA00FFD540 /* WoodCutter.swift in Sources */,
			);
			runOnlyForDeploymentPostprocessing = 0;
		};
		81EBCC7D2401E88B0063F78F /* Sources */ = {
			isa = PBXSourcesBuildPhase;
			buildActionMask = 2147483647;
			files = (
				81EBCC862401E88B0063F78F /* MyFirstGameTests.swift in Sources */,
			);
			runOnlyForDeploymentPostprocessing = 0;
		};
		81EBCC882401E88B0063F78F /* Sources */ = {
			isa = PBXSourcesBuildPhase;
			buildActionMask = 2147483647;
			files = (
				81EBCC912401E88B0063F78F /* MyFirstGameUITests.swift in Sources */,
			);
			runOnlyForDeploymentPostprocessing = 0;
		};
/* End PBXSourcesBuildPhase section */

/* Begin PBXTargetDependency section */
		81EBCC832401E88B0063F78F /* PBXTargetDependency */ = {
			isa = PBXTargetDependency;
			target = 81EBCC662401E88A0063F78F /* MyFirstGame */;
			targetProxy = 81EBCC822401E88B0063F78F /* PBXContainerItemProxy */;
		};
		81EBCC8E2401E88B0063F78F /* PBXTargetDependency */ = {
			isa = PBXTargetDependency;
			target = 81EBCC662401E88A0063F78F /* MyFirstGame */;
			targetProxy = 81EBCC8D2401E88B0063F78F /* PBXContainerItemProxy */;
		};
/* End PBXTargetDependency section */

/* Begin PBXVariantGroup section */
		81EBCC742401E88A0063F78F /* Main.storyboard */ = {
			isa = PBXVariantGroup;
			children = (
				81EBCC752401E88A0063F78F /* Base */,
			);
			name = Main.storyboard;
			sourceTree = "<group>";
		};
		81EBCC792401E88B0063F78F /* LaunchScreen.storyboard */ = {
			isa = PBXVariantGroup;
			children = (
				81EBCC7A2401E88B0063F78F /* Base */,
			);
			name = LaunchScreen.storyboard;
			sourceTree = "<group>";
		};
/* End PBXVariantGroup section */

/* Begin XCBuildConfiguration section */
		81EBCC932401E88B0063F78F /* Debug */ = {
			isa = XCBuildConfiguration;
			buildSettings = {
				ALWAYS_SEARCH_USER_PATHS = NO;
				CLANG_ANALYZER_NONNULL = YES;
				CLANG_ANALYZER_NUMBER_OBJECT_CONVERSION = YES_AGGRESSIVE;
				CLANG_CXX_LANGUAGE_STANDARD = "gnu++14";
				CLANG_CXX_LIBRARY = "libc++";
				CLANG_ENABLE_MODULES = YES;
				CLANG_ENABLE_OBJC_ARC = YES;
				CLANG_ENABLE_OBJC_WEAK = YES;
				CLANG_WARN_BLOCK_CAPTURE_AUTORELEASING = YES;
				CLANG_WARN_BOOL_CONVERSION = YES;
				CLANG_WARN_COMMA = YES;
				CLANG_WARN_CONSTANT_CONVERSION = YES;
				CLANG_WARN_DEPRECATED_OBJC_IMPLEMENTATIONS = YES;
				CLANG_WARN_DIRECT_OBJC_ISA_USAGE = YES_ERROR;
				CLANG_WARN_DOCUMENTATION_COMMENTS = YES;
				CLANG_WARN_EMPTY_BODY = YES;
				CLANG_WARN_ENUM_CONVERSION = YES;
				CLANG_WARN_INFINITE_RECURSION = YES;
				CLANG_WARN_INT_CONVERSION = YES;
				CLANG_WARN_NON_LITERAL_NULL_CONVERSION = YES;
				CLANG_WARN_OBJC_IMPLICIT_RETAIN_SELF = YES;
				CLANG_WARN_OBJC_LITERAL_CONVERSION = YES;
				CLANG_WARN_OBJC_ROOT_CLASS = YES_ERROR;
				CLANG_WARN_RANGE_LOOP_ANALYSIS = YES;
				CLANG_WARN_STRICT_PROTOTYPES = YES;
				CLANG_WARN_SUSPICIOUS_MOVE = YES;
				CLANG_WARN_UNGUARDED_AVAILABILITY = YES_AGGRESSIVE;
				CLANG_WARN_UNREACHABLE_CODE = YES;
				CLANG_WARN__DUPLICATE_METHOD_MATCH = YES;
				COPY_PHASE_STRIP = NO;
				DEBUG_INFORMATION_FORMAT = dwarf;
				ENABLE_STRICT_OBJC_MSGSEND = YES;
				ENABLE_TESTABILITY = YES;
				GCC_C_LANGUAGE_STANDARD = gnu11;
				GCC_DYNAMIC_NO_PIC = NO;
				GCC_NO_COMMON_BLOCKS = YES;
				GCC_OPTIMIZATION_LEVEL = 0;
				GCC_PREPROCESSOR_DEFINITIONS = (
					"DEBUG=1",
					"$(inherited)",
				);
				GCC_WARN_64_TO_32_BIT_CONVERSION = YES;
				GCC_WARN_ABOUT_RETURN_TYPE = YES_ERROR;
				GCC_WARN_UNDECLARED_SELECTOR = YES;
				GCC_WARN_UNINITIALIZED_AUTOS = YES_AGGRESSIVE;
				GCC_WARN_UNUSED_FUNCTION = YES;
				GCC_WARN_UNUSED_VARIABLE = YES;
				IPHONEOS_DEPLOYMENT_TARGET = 13.2;
				MTL_ENABLE_DEBUG_INFO = INCLUDE_SOURCE;
				MTL_FAST_MATH = YES;
				ONLY_ACTIVE_ARCH = YES;
				SDKROOT = iphoneos;
				SWIFT_ACTIVE_COMPILATION_CONDITIONS = DEBUG;
				SWIFT_OPTIMIZATION_LEVEL = "-Onone";
			};
			name = Debug;
		};
		81EBCC942401E88B0063F78F /* Release */ = {
			isa = XCBuildConfiguration;
			buildSettings = {
				ALWAYS_SEARCH_USER_PATHS = NO;
				CLANG_ANALYZER_NONNULL = YES;
				CLANG_ANALYZER_NUMBER_OBJECT_CONVERSION = YES_AGGRESSIVE;
				CLANG_CXX_LANGUAGE_STANDARD = "gnu++14";
				CLANG_CXX_LIBRARY = "libc++";
				CLANG_ENABLE_MODULES = YES;
				CLANG_ENABLE_OBJC_ARC = YES;
				CLANG_ENABLE_OBJC_WEAK = YES;
				CLANG_WARN_BLOCK_CAPTURE_AUTORELEASING = YES;
				CLANG_WARN_BOOL_CONVERSION = YES;
				CLANG_WARN_COMMA = YES;
				CLANG_WARN_CONSTANT_CONVERSION = YES;
				CLANG_WARN_DEPRECATED_OBJC_IMPLEMENTATIONS = YES;
				CLANG_WARN_DIRECT_OBJC_ISA_USAGE = YES_ERROR;
				CLANG_WARN_DOCUMENTATION_COMMENTS = YES;
				CLANG_WARN_EMPTY_BODY = YES;
				CLANG_WARN_ENUM_CONVERSION = YES;
				CLANG_WARN_INFINITE_RECURSION = YES;
				CLANG_WARN_INT_CONVERSION = YES;
				CLANG_WARN_NON_LITERAL_NULL_CONVERSION = YES;
				CLANG_WARN_OBJC_IMPLICIT_RETAIN_SELF = YES;
				CLANG_WARN_OBJC_LITERAL_CONVERSION = YES;
				CLANG_WARN_OBJC_ROOT_CLASS = YES_ERROR;
				CLANG_WARN_RANGE_LOOP_ANALYSIS = YES;
				CLANG_WARN_STRICT_PROTOTYPES = YES;
				CLANG_WARN_SUSPICIOUS_MOVE = YES;
				CLANG_WARN_UNGUARDED_AVAILABILITY = YES_AGGRESSIVE;
				CLANG_WARN_UNREACHABLE_CODE = YES;
				CLANG_WARN__DUPLICATE_METHOD_MATCH = YES;
				COPY_PHASE_STRIP = NO;
				DEBUG_INFORMATION_FORMAT = "dwarf-with-dsym";
				ENABLE_NS_ASSERTIONS = NO;
				ENABLE_STRICT_OBJC_MSGSEND = YES;
				GCC_C_LANGUAGE_STANDARD = gnu11;
				GCC_NO_COMMON_BLOCKS = YES;
				GCC_WARN_64_TO_32_BIT_CONVERSION = YES;
				GCC_WARN_ABOUT_RETURN_TYPE = YES_ERROR;
				GCC_WARN_UNDECLARED_SELECTOR = YES;
				GCC_WARN_UNINITIALIZED_AUTOS = YES_AGGRESSIVE;
				GCC_WARN_UNUSED_FUNCTION = YES;
				GCC_WARN_UNUSED_VARIABLE = YES;
				IPHONEOS_DEPLOYMENT_TARGET = 13.2;
				MTL_ENABLE_DEBUG_INFO = NO;
				MTL_FAST_MATH = YES;
				SDKROOT = iphoneos;
				SWIFT_COMPILATION_MODE = wholemodule;
				SWIFT_OPTIMIZATION_LEVEL = "-O";
				VALIDATE_PRODUCT = YES;
			};
			name = Release;
		};
		81EBCC962401E88B0063F78F /* Debug */ = {
			isa = XCBuildConfiguration;
			buildSettings = {
				ASSETCATALOG_COMPILER_APPICON_NAME = AppIcon;
				CODE_SIGN_STYLE = Automatic;
				INFOPLIST_FILE = MyFirstGame/Info.plist;
				LD_RUNPATH_SEARCH_PATHS = (
					"$(inherited)",
					"@executable_path/Frameworks",
				);
				PRODUCT_BUNDLE_IDENTIFIER = surfless.MyFirstGame;
				PRODUCT_NAME = "$(TARGET_NAME)";
				SWIFT_VERSION = 5.0;
				TARGETED_DEVICE_FAMILY = "1,2";
			};
			name = Debug;
		};
		81EBCC972401E88B0063F78F /* Release */ = {
			isa = XCBuildConfiguration;
			buildSettings = {
				ASSETCATALOG_COMPILER_APPICON_NAME = AppIcon;
				CODE_SIGN_STYLE = Automatic;
				INFOPLIST_FILE = MyFirstGame/Info.plist;
				LD_RUNPATH_SEARCH_PATHS = (
					"$(inherited)",
					"@executable_path/Frameworks",
				);
				PRODUCT_BUNDLE_IDENTIFIER = surfless.MyFirstGame;
				PRODUCT_NAME = "$(TARGET_NAME)";
				SWIFT_VERSION = 5.0;
				TARGETED_DEVICE_FAMILY = "1,2";
			};
			name = Release;
		};
		81EBCC992401E88B0063F78F /* Debug */ = {
			isa = XCBuildConfiguration;
			buildSettings = {
				ALWAYS_EMBED_SWIFT_STANDARD_LIBRARIES = YES;
				BUNDLE_LOADER = "$(TEST_HOST)";
				CODE_SIGN_STYLE = Automatic;
				INFOPLIST_FILE = MyFirstGameTests/Info.plist;
				IPHONEOS_DEPLOYMENT_TARGET = 13.2;
				LD_RUNPATH_SEARCH_PATHS = (
					"$(inherited)",
					"@executable_path/Frameworks",
					"@loader_path/Frameworks",
				);
				PRODUCT_BUNDLE_IDENTIFIER = surfless.MyFirstGameTests;
				PRODUCT_NAME = "$(TARGET_NAME)";
				SWIFT_VERSION = 5.0;
				TARGETED_DEVICE_FAMILY = "1,2";
				TEST_HOST = "$(BUILT_PRODUCTS_DIR)/MyFirstGame.app/MyFirstGame";
			};
			name = Debug;
		};
		81EBCC9A2401E88B0063F78F /* Release */ = {
			isa = XCBuildConfiguration;
			buildSettings = {
				ALWAYS_EMBED_SWIFT_STANDARD_LIBRARIES = YES;
				BUNDLE_LOADER = "$(TEST_HOST)";
				CODE_SIGN_STYLE = Automatic;
				INFOPLIST_FILE = MyFirstGameTests/Info.plist;
				IPHONEOS_DEPLOYMENT_TARGET = 13.2;
				LD_RUNPATH_SEARCH_PATHS = (
					"$(inherited)",
					"@executable_path/Frameworks",
					"@loader_path/Frameworks",
				);
				PRODUCT_BUNDLE_IDENTIFIER = surfless.MyFirstGameTests;
				PRODUCT_NAME = "$(TARGET_NAME)";
				SWIFT_VERSION = 5.0;
				TARGETED_DEVICE_FAMILY = "1,2";
				TEST_HOST = "$(BUILT_PRODUCTS_DIR)/MyFirstGame.app/MyFirstGame";
			};
			name = Release;
		};
		81EBCC9C2401E88B0063F78F /* Debug */ = {
			isa = XCBuildConfiguration;
			buildSettings = {
				ALWAYS_EMBED_SWIFT_STANDARD_LIBRARIES = YES;
				CODE_SIGN_STYLE = Automatic;
				INFOPLIST_FILE = MyFirstGameUITests/Info.plist;
				LD_RUNPATH_SEARCH_PATHS = (
					"$(inherited)",
					"@executable_path/Frameworks",
					"@loader_path/Frameworks",
				);
				PRODUCT_BUNDLE_IDENTIFIER = surfless.MyFirstGameUITests;
				PRODUCT_NAME = "$(TARGET_NAME)";
				SWIFT_VERSION = 5.0;
				TARGETED_DEVICE_FAMILY = "1,2";
				TEST_TARGET_NAME = MyFirstGame;
			};
			name = Debug;
		};
		81EBCC9D2401E88B0063F78F /* Release */ = {
			isa = XCBuildConfiguration;
			buildSettings = {
				ALWAYS_EMBED_SWIFT_STANDARD_LIBRARIES = YES;
				CODE_SIGN_STYLE = Automatic;
				INFOPLIST_FILE = MyFirstGameUITests/Info.plist;
				LD_RUNPATH_SEARCH_PATHS = (
					"$(inherited)",
					"@executable_path/Frameworks",
					"@loader_path/Frameworks",
				);
				PRODUCT_BUNDLE_IDENTIFIER = surfless.MyFirstGameUITests;
				PRODUCT_NAME = "$(TARGET_NAME)";
				SWIFT_VERSION = 5.0;
				TARGETED_DEVICE_FAMILY = "1,2";
				TEST_TARGET_NAME = MyFirstGame;
			};
			name = Release;
		};
/* End XCBuildConfiguration section */

/* Begin XCConfigurationList section */
		81EBCC622401E88A0063F78F /* Build configuration list for PBXProject "MyFirstGame" */ = {
			isa = XCConfigurationList;
			buildConfigurations = (
				81EBCC932401E88B0063F78F /* Debug */,
				81EBCC942401E88B0063F78F /* Release */,
			);
			defaultConfigurationIsVisible = 0;
			defaultConfigurationName = Release;
		};
		81EBCC952401E88B0063F78F /* Build configuration list for PBXNativeTarget "MyFirstGame" */ = {
			isa = XCConfigurationList;
			buildConfigurations = (
				81EBCC962401E88B0063F78F /* Debug */,
				81EBCC972401E88B0063F78F /* Release */,
			);
			defaultConfigurationIsVisible = 0;
			defaultConfigurationName = Release;
		};
		81EBCC982401E88B0063F78F /* Build configuration list for PBXNativeTarget "MyFirstGameTests" */ = {
			isa = XCConfigurationList;
			buildConfigurations = (
				81EBCC992401E88B0063F78F /* Debug */,
				81EBCC9A2401E88B0063F78F /* Release */,
			);
			defaultConfigurationIsVisible = 0;
			defaultConfigurationName = Release;
		};
		81EBCC9B2401E88B0063F78F /* Build configuration list for PBXNativeTarget "MyFirstGameUITests" */ = {
			isa = XCConfigurationList;
			buildConfigurations = (
				81EBCC9C2401E88B0063F78F /* Debug */,
				81EBCC9D2401E88B0063F78F /* Release */,
			);
			defaultConfigurationIsVisible = 0;
			defaultConfigurationName = Release;
		};
/* End XCConfigurationList section */
	};
	rootObject = 81EBCC5F2401E88A0063F78F /* Project object */;
}
